{
  "name": "antigravity-live-share",
  "version": "0.1.0",
  "lockfileVersion": 3,
  "requires": true,
  "packages": {
    "": {
      "name": "antigravity-live-share",
      "version": "0.1.0",
      "license": "MIT",
      "dependencies": {
        "node-datachannel": "^0.33.1",
        "opusscript": "^0.1.1",
        "ws": "^8.18.0",
        "yjs": "^13.6.20"
      },
      "devDependencies": {
        "@types/node": "^22.20.1",
        "@types/vscode": "^1.90.0",
        "@types/ws": "^8.18.1",
        "typescript": "^5.0.0"
      },
      "engines": {
        "vscode": "^1.90.0"
      }
    },
    "node_modules/@node-datachannel/darwin-arm64": {
      "version": "0.33.1",
      "resolved": "https://registry.npmjs.org/@node-datachannel/darwin-arm64/-/darwin-arm64-0.33.1.tgz",
      "integrity": "sha512-6reyGKzuYNzuJypm4KrpJVTpION39rZmLoqDNMiehTVuSZzV1yoYyLHCzJ9XNVpOViGdaUvAWXJTlHcoQOZtrw==",
      "cpu": [
        "arm64"
      ],
      "license": "MPL 2.0",
      "optional": true,
      "os": [
        "darwin"
      ]
    },
    "node_modules/@node-datachannel/darwin-x64": {
      "version": "0.33.1",
      "resolved": "https://registry.npmjs.org/@node-datachannel/darwin-x64/-/darwin-x64-0.33.1.tgz",
      "integrity": "sha512-1zXH/E79bswwRfbUwilw9iPNCCI4GLul/xxsjx/H7jbPT9SeMgkHKcx7Emuw91NBeYYPvYSYwQ705h4FTVDxow==",
      "cpu": [
        "x64"
      ],
      "license": "MPL 2.0",
      "optional": true,
      "os": [
        "darwin"
      ]
    },
    "node_modules/@node-datachannel/linux-arm64-gnu": {
      "version": "0.33.1",
      "resolved": "https://registry.npmjs.org/@node-datachannel/linux-arm64-gnu/-/linux-arm64-gnu-0.33.1.tgz",
      "integrity": "sha512-FriA+y9cKnr9shQaNz4AdqkaNb7yqBcj1U/OgAlLvJtY/mJLvRX7R3iic18aUA5BkMMK+wwqBI/0Al3brxdRAw==",
      "cpu": [
        "arm64"
      ],
      "license": "MPL 2.0",
      "optional": true,
      "os": [
        "linux"
      ]
    },
    "node_modules/@node-datachannel/linux-arm64-musl": {
      "version": "0.33.1",
      "resolved": "https://registry.npmjs.org/@node-datachannel/linux-arm64-musl/-/linux-arm64-musl-0.33.1.tgz",
      "integrity": "sha512-MGtNFlIZ5b9sRBDFD3xS3oAhmAxJyEDrrhuUUEtR4Z4boSGOIzg0IiE5YQalmG7XgpMe0cxigBBTJitDczYyNQ==",
      "cpu": [
        "arm64"
      ],
      "license": "MPL 2.0",
      "optional": true,
      "os": [
        "linux"
      ]
    },
    "node_modules/@node-datachannel/linux-x64-gnu": {
      "version": "0.33.1",
      "resolved": "https://registry.npmjs.org/@node-datachannel/linux-x64-gnu/-/linux-x64-gnu-0.33.1.tgz",
      "integrity": "sha512-0mTxq+0fYatoQ/7y9uMLDSRbnb0/Vrrl1Fhsuys8PfB06ft3IA8+6/qdFgRriHbCNkCkB3mSvWEIjCVjXuPr1A==",
      "cpu": [
        "x64"
      ],
      "license": "MPL 2.0",
      "optional": true,
      "os": [
        "linux"
      ]
    },
    "node_modules/@node-datachannel/linux-x64-musl": {
      "version": "0.33.1",
      "resolved": "https://registry.npmjs.org/@node-datachannel/linux-x64-musl/-/linux-x64-musl-0.33.1.tgz",
      "integrity": "sha512-LSIdM/tpdwy8d+pN7Vj5Dd4kU3vtdh1PKzz8MYPEPKpv2If5gBydA9pvmGDldiyn07Ijj1TrIQhV+1ozGBm0dw==",
      "cpu": [
        "x64"
      ],
      "license": "MPL 2.0",
      "optional": true,
      "os": [
        "linux"
      ]
    },
    "node_modules/@node-datachannel/win32-arm64-msvc": {
      "version": "0.33.1",
      "resolved": "https://registry.npmjs.org/@node-datachannel/win32-arm64-msvc/-/win32-arm64-msvc-0.33.1.tgz",
      "integrity": "sha512-uERR6Zz3wqLnOhBe1YRFodFSD9c7N3aM2Upe/z7miR7F8sprLr00+SkrTXZ+RayW8BN+xDtZRKFYYROvuJy/ug==",
      "cpu": [
        "arm64"
      ],
      "license": "MPL 2.0",
      "optional": true,
      "os": [
        "win32"
      ]
    },
    "node_modules/@node-datachannel/win32-x64-msvc": {
      "version": "0.33.1",
      "resolved": "https://registry.npmjs.org/@node-datachannel/win32-x64-msvc/-/win32-x64-msvc-0.33.1.tgz",
      "integrity": "sha512-i5c3t+hDz6oNcen8aQZetxtAfYnNeUEND67oJrnAL8qQFzaRv6wKO5Q7G1vpjzQUyC54xe6s4oD8uuVo2sKPzA==",
      "cpu": [
        "x64"
      ],
      "license": "MPL 2.0",
      "optional": true,
      "os": [
        "win32"
      ]
    },
    "node_modules/@types/node": {
      "version": "22.20.1",
      "resolved": "https://registry.npmjs.org/@types/node/-/node-22.20.1.tgz",
      "integrity": "sha512-EANqOCF9QFyra+4pfxUcX9STKJpCLjMbObVzljIJomAWSnuSIEAvyzEU53GaajbXJEgdh0iEcPL+DGvpUd4k1Q==",
      "dev": true,
      "license": "MIT",
      "dependencies": {
        "undici-types": "~6.21.0"
      }
    },
    "node_modules/@types/vscode": {
      "version": "1.125.0",
      "resolved": "https://registry.npmjs.org/@types/vscode/-/vscode-1.125.0.tgz",
      "integrity": "sha512-0icm/ZQAaism87P0ekHqi4/Ju9du+Tm0RUW+y7vqRsxY2cY0FNRX1nAnaW7nT6npPt2tfHiheZ55Zm9UhqonFA==",
      "dev": true,
      "license": "MIT"
    },
    "node_modules/@types/ws": {
      "version": "8.18.1",
      "resolved": "https://registry.npmjs.org/@types/ws/-/ws-8.18.1.tgz",
      "integrity": "sha512-ThVF6DCVhA8kUGy+aazFQ4kXQ7E1Ty7A3ypFOe0IcJV8O/M511G99AW24irKrW56Wt44yG9+ij8FaqoBGkuBXg==",
      "dev": true,
      "license": "MIT",
      "dependencies": {
        "@types/node": "*"
      }
    },
    "node_modules/detect-libc": {
      "version": "2.1.2",
      "resolved": "https://registry.npmjs.org/detect-libc/-/detect-libc-2.1.2.tgz",
      "integrity": "sha512-Btj2BOOO83o3WyH59e8MgXsxEQVcarkUOpEYrubB0urwnN10yQ364rsiByU11nZlqWYZm05i/of7io4mzihBtQ==",
      "license": "Apache-2.0",
      "engines": {
        "node": ">=8"
      }
    },
    "node_modules/isomorphic.js": {
      "version": "0.2.5",
      "resolved": "https://registry.npmjs.org/isomorphic.js/-/isomorphic.js-0.2.5.tgz",
      "integrity": "sha512-PIeMbHqMt4DnUP3MA/Flc0HElYjMXArsw1qwJZcm9sqR8mq3l8NYizFMty0pWwE/tzIGH3EKK5+jes5mAr85yw==",
      "license": "MIT",
      "funding": {
        "type": "GitHub Sponsors ❤",
        "url": "https://github.com/sponsors/dmonad"
      }
    },
    "node_modules/lib0": {
      "version": "0.2.117",
      "resolved": "https://registry.npmjs.org/lib0/-/lib0-0.2.117.tgz",
      "integrity": "sha512-DeXj9X5xDCjgKLU/7RR+/HQEVzuuEUiwldwOGsHK/sfAfELGWEyTcf0x+uOvCvK3O2zPmZePXWL85vtia6GyZw==",
      "license": "MIT",
      "dependencies": {
        "isomorphic.js": "^0.2.4"
      },
      "bin": {
        "0ecdsa-generate-keypair": "bin/0ecdsa-generate-keypair.js",
        "0gentesthtml": "bin/gentesthtml.js",
        "0serve": "bin/0serve.js"
      },
      "engines": {
        "node": ">=16"
      },
      "funding": {
        "type": "GitHub Sponsors ❤",
        "url": "https://github.com/sponsors/dmonad"
      }
    },
    "node_modules/node-datachannel": {
      "version": "0.33.1",
      "resolved": "https://registry.npmjs.org/node-datachannel/-/node-datachannel-0.33.1.tgz",
      "integrity": "sha512-9oryOvUx2WqOmMUQ+JHyCx9w9UPBLGQcZQNcSYDc1LZS/hFSAqDyIRt6b5H5Ue13Gpe/vTjU8y9UvCBrbwpbAQ==",
      "license": "MPL 2.0",
      "dependencies": {
        "detect-libc": "^2.0.4"
      },
      "engines": {
        "node": ">=18.20.0"
      },
      "optionalDependencies": {
        "@node-datachannel/android-arm64": "0.33.1",
        "@node-datachannel/darwin-arm64": "0.33.1",
        "@node-datachannel/darwin-x64": "0.33.1",
        "@node-datachannel/linux-arm64-gnu": "0.33.1",
        "@node-datachannel/linux-arm64-musl": "0.33.1",
        "@node-datachannel/linux-x64-gnu": "0.33.1",
        "@node-datachannel/linux-x64-musl": "0.33.1",
        "@node-datachannel/win32-arm64-msvc": "0.33.1",
        "@node-datachannel/win32-x64-msvc": "0.33.1"
      }
    },
    "node_modules/node-datachannel/node_modules/@node-datachannel/android-arm64": {
      "optional": true
    },
    "node_modules/opusscript": {
      "version": "0.1.1",
      "resolved": "https://registry.npmjs.org/opusscript/-/opusscript-0.1.1.tgz",
      "integrity": "sha512-mL0fZZOUnXdZ78woRXp18lApwpp0lF5tozJOD1Wut0dgrA9WuQTgSels/CSmFleaAZrJi/nci5KOVtbuxeWoQA==",
      "license": "MIT"
    },
    "node_modules/typescript": {
      "version": "5.9.3",
      "resolved": "https://registry.npmjs.org/typescript/-/typescript-5.9.3.tgz",
      "integrity": "sha512-jl1vZzPDinLr9eUt3J/t7V6FgNEw9QjvBPdysz9KfQDD41fQrC2Y4vKQdiaUpFT4bXlb1RHhLpp8wtm6M5TgSw==",
      "dev": true,
      "license": "Apache-2.0",
      "bin": {
        "tsc": "bin/tsc",
        "tsserver": "bin/tsserver"
      },
      "engines": {
        "node": ">=14.17"
      }
    },
    "node_modules/undici-types": {
      "version": "6.21.0",
      "resolved": "https://registry.npmjs.org/undici-types/-/undici-types-6.21.0.tgz",
      "integrity": "sha512-iwDZqg0QAGrg9Rav5H4n0M64c3mkR59cJ6wQp+7C4nI0gsmExaedaYLNO44eT4AtBBwjbTiGPMlt2Md0T9H9JQ==",
      "dev": true,
      "license": "MIT"
    },
    "node_modules/ws": {
      "version": "8.18.0",
      "resolved": "https://registry.npmjs.org/ws/-/ws-8.18.0.tgz",
      "integrity": "sha512-8VbfWfHLbbwu3+N6OKsOMpBdT4kXPDDB9cJk2bJ6mh9ucxdlnNvH1e+roYkKmN9Nxw2yjz7VzeO9oOz2zJ04Pw==",
      "license": "MIT",
      "engines": {
        "node": ">=10.0.0"
      },
      "peerDependencies": {
        "bufferutil": "^4.0.1",
        "utf-8-validate": ">=5.0.2"
      },
      "peerDependenciesMeta": {
        "bufferutil": {
          "optional": true
        },
        "utf-8-validate": {
          "optional": true
        }
      }
    },
    "node_modules/yjs": {
      "version": "13.6.20",
      "resolved": "https://registry.npmjs.org/yjs/-/yjs-13.6.20.tgz",
      "integrity": "sha512-Z2YZI+SYqK7XdWlloI3lhMiKnCdFCVC4PchpdO+mCYwtiTwncjUbnRK9R1JmkNfdmHyDXuWN3ibJAt0wsqTbLQ==",
      "license": "MIT",
      "dependencies": {
        "lib0": "^0.2.98"
      },
      "engines": {
        "node": ">=16.0.0",
        "npm": ">=8.0.0"
      },
      "funding": {
        "type": "GitHub Sponsors ❤",
        "url": "https://github.com/sponsors/dmonad"
      }
    }
  }
}
